{
  "name": "oscar-client",
  "version": "2.0.0",
  "lockfileVersion": 3,
  "requires": true,
  "packages": {
    "": {
      "name": "oscar-client",
      "version": "2.0.0",
      "license": "BSD-3-Clause",
      "dependencies": {
        "@fontsource-variable/inter": "^5.3.0",
        "@fontsource-variable/outfit": "^5.3.0",
        "grapesjs": "^0.23.6",
        "grapesjs-blocks-basic": "^1.0.2",
        "grapesjs-custom-code": "^1.0.2",
        "grapesjs-parser-postcss": "^1.0.3",
        "grapesjs-preset-webpage": "^1.0.3",
        "grapesjs-tooltip": "^0.1.8",
        "grapesjs-touch": "^0.1.1",
        "jquery": "^3.7.1",
        "jquery-confirm": "^3.3.4",
        "qrcode-generator": "^1.4.4",
        "socket.io-client": "^4.8.3"
      }
    },
    "node_modules/@fontsource-variable/inter": {
      "version": "5.3.0",
      "resolved": "https://registry.npmjs.org/@fontsource-variable/inter/-/inter-5.3.0.tgz",
      "integrity": "sha512-OupL48va4JNofb97w6NYeF9S7W/kHNKM0Er8Dem5nqi4jeOLrVJDoE8tZEpnMJmtkvNbB1EIPPwHcdkF6b1oUA==",
      "license": "OFL-1.1",
      "funding": {
        "url": "https://github.com/sponsors/ayuhito"
      }
    },
    "node_modules/@fontsource-variable/outfit": {
      "version": "5.3.0",
      "resolved": "https://registry.npmjs.org/@fontsource-variable/outfit/-/outfit-5.3.0.tgz",
      "integrity": "sha512-fPb5XnYK0k7SbR++HEmm4+ZqDszmLKQ+sPRUr8oQ/KNC0vy6r6hazJFe8iYozv4cqlHbvJ/JECkJWrfDodUMVQ==",
      "license": "OFL-1.1",
      "funding": {
        "url": "https://github.com/sponsors/ayuhito"
      }
    },
    "node_modules/@socket.io/component-emitter": {
      "version": "3.1.2",
      "resolved": "https://registry.npmjs.org/@socket.io/component-emitter/-/component-emitter-3.1.2.tgz",
      "integrity": "sha512-9BCxFwvbGg/RsZK9tjXd8s4UcwR0MWeFQ1XEKIQVVvAGJyINdrqKMcTRyLoK8Rse1GjzLV9cwjWV1olXRWEXVA==",
      "license": "MIT"
    },
    "node_modules/@types/backbone": {
      "version": "1.4.15",
      "resolved": "https://registry.npmjs.org/@types/backbone/-/backbone-1.4.15.tgz",
      "integrity": "sha512-WWeKtYlsIMtDyLbbhkb96taJMEbfQBnuz7yw1u0pkphCOtksemoWhIXhK74VRCY9hbjnsH3rsJu2uUiFtnsEYg==",
      "license": "MIT",
      "dependencies": {
        "@types/jquery": "*",
        "@types/underscore": "*"
      }
    },
    "node_modules/@types/jquery": {
      "version": "4.0.1",
      "resolved": "https://registry.npmjs.org/@types/jquery/-/jquery-4.0.1.tgz",
      "integrity": "sha512-9a59A/tycXgYuPABcp6/3spSShn0NT2UOM4EfHvMumjYi4lJWTsK5SZWjhx3yRm9IHGCeWXdV2YfNsrWrft/CA==",
      "license": "MIT"
    },
    "node_modules/@types/underscore": {
      "version": "1.13.0",
      "resolved": "https://registry.npmjs.org/@types/underscore/-/underscore-1.13.0.tgz",
      "integrity": "sha512-L6LBgy1f0EFQZ+7uSA57+n2g/s4Qs5r06Vwrwn0/nuK1de+adz00NWaztRQ30aEqw5qOaWbPI8u2cGQ52lj6VA==",
      "license": "MIT"
    },
    "node_modules/backbone": {
      "version": "1.4.1",
      "resolved": "https://registry.npmjs.org/backbone/-/backbone-1.4.1.tgz",
      "integrity": "sha512-ADy1ztN074YkWbHi8ojJVFe3vAanO/lrzMGZWUClIP7oDD/Pjy2vrASraUP+2EVCfIiTtCW4FChVow01XneivA==",
      "license": "MIT",
      "dependencies": {
        "underscore": ">=1.8.3"
      }
    },
    "node_modules/backbone-undo": {
      "version": "0.2.6",
      "resolved": "https://registry.npmjs.org/backbone-undo/-/backbone-undo-0.2.6.tgz",
      "integrity": "sha512-AsfpNiljLXlk7TcffDUu3EAUq7CxWbyTNwARWrql5XTzN4vh6WzEEBZYaKK4kTTz+iW1tSzqUooaGRIwO83kWA==",
      "deprecated": "Package no longer supported. Contact Support at https://www.npmjs.com/support for more info.",
      "license": "MIT",
      "dependencies": {
        "backbone": ">=1.0.0",
        "underscore": ">=1.4.4"
      }
    },
    "node_modules/codemirror": {
      "version": "5.63.0",
      "resolved": "https://registry.npmjs.org/codemirror/-/codemirror-5.63.0.tgz",
      "integrity": "sha512-KlLWRPggDg2rBD1Mx7/EqEhaBdy+ybBCVh/efgjBDsPpMeEu6MbTAJzIT4TuCzvmbTEgvKOGzVT6wdBTNusqrg==",
      "license": "MIT"
    },
    "node_modules/codemirror-formatting": {
      "version": "1.0.0",
      "resolved": "https://registry.npmjs.org/codemirror-formatting/-/codemirror-formatting-1.0.0.tgz",
      "integrity": "sha512-br9yM6eJI3pJHekEnoyHaBEb1B7XxxDjju+vRyBe8QGLp5saTIXXkZ+eFCTqXSAtI8QEZDFVEX2/SOjH2sVWRQ==",
      "license": "MIT"
    },
    "node_modules/debug": {
      "version": "4.4.3",
      "resolved": "https://registry.npmjs.org/debug/-/debug-4.4.3.tgz",
      "integrity": "sha512-RGwwWnwQvkVfavKVt22FGLw+xYSdzARwm0ru6DhTVA3umU5hZc28V3kO4stgYryrTlLpuvgI9GiijltAjNbcqA==",
      "license": "MIT",
      "dependencies": {
        "ms": "^2.1.3"
      },
      "engines": {
        "node": ">=6.0"
      },
      "peerDependenciesMeta": {
        "supports-color": {
          "optional": true
        }
      }
    },
    "node_modules/engine.io-client": {
      "version": "6.6.6",
      "resolved": "https://registry.npmjs.org/engine.io-client/-/engine.io-client-6.6.6.tgz",
      "integrity": "sha512-iY6QdftLQ9pyiPoX082bpf/u1UewnOaJrtJIF9T0++QB34lZrj0uP+Q/bj8AlUsAxqhnkTV2BS8SBZSxOmoV5Q==",
      "license": "MIT",
      "dependencies": {
        "@socket.io/component-emitter": "~3.1.0",
        "debug": "~4.4.1",
        "engine.io-parser": "~5.2.1",
        "ws": "~8.21.0",
        "xmlhttprequest-ssl": "~2.1.1"
      }
    },
    "node_modules/engine.io-parser": {
      "version": "5.2.3",
      "resolved": "https://registry.npmjs.org/engine.io-parser/-/engine.io-parser-5.2.3.tgz",
      "integrity": "sha512-HqD3yTBfnBxIrbnM1DoD6Pcq8NECnh8d4As1Qgh0z5Gg3jRRIqijury0CL3ghu/edArpUYiYqQiDUQBIs4np3Q==",
      "license": "MIT",
      "engines": {
        "node": ">=10.0.0"
      }
    },
    "node_modules/grapesjs": {
      "version": "0.23.6",
      "resolved": "https://registry.npmjs.org/grapesjs/-/grapesjs-0.23.6.tgz",
      "integrity": "sha512-I8M/sPWjHm6MLIdUtRFNOKsQ3PtDgIDsc2S8ANkJsfHj3ZoH98oNMMWr64Kx22XgjHCQ4xpUx7nvXyQSKV1mrQ==",
      "license": "BSD-3-Clause",
      "dependencies": {
        "@types/backbone": "1.4.15",
        "backbone": "1.4.1",
        "backbone-undo": "0.2.6",
        "codemirror": "5.63.0",
        "codemirror-formatting": "1.0.0",
        "html-entities": "~1.4.0",
        "promise-polyfill": "8.3.0",
        "underscore": "1.13.8"
      }
    },
    "node_modules/grapesjs-blocks-basic": {
      "version": "1.0.2",
      "resolved": "https://registry.npmjs.org/grapesjs-blocks-basic/-/grapesjs-blocks-basic-1.0.2.tgz",
      "integrity": "sha512-SsPKf/CvQkZ+kABOsN01auAPHXh/2J20g0AWYF7fHR3Gw3TZLtdIxT1mk90Qzi76u/7sUYi3CTI+i3ZaTtXHRA==",
      "license": "BSD-3-Clause"
    },
    "node_modules/grapesjs-custom-code": {
      "version": "1.0.2",
      "resolved": "https://registry.npmjs.org/grapesjs-custom-code/-/grapesjs-custom-code-1.0.2.tgz",
      "integrity": "sha512-B8IZQyB+HjLb9HkHzQ+RVHE5Q6zqX7Ry8b+kYk8Jh7vjmPawe+/kL0pXYxYQ2bSmdaUEuq8mLngiNY+l6EFEVQ==",
      "license": "BSD-3-Clause"
    },
    "node_modules/grapesjs-parser-postcss": {
      "version": "1.0.3",
      "resolved": "https://registry.npmjs.org/grapesjs-parser-postcss/-/grapesjs-parser-postcss-1.0.3.tgz",
      "integrity": "sha512-lfiNRDGdYQT259fUudYD0Z9EKB0DeS9GdCjVqGuJo28rv0WPAdGlpFnvlYgNGurX38ZjIi8qnbEuSSDl8AXFSw==",
      "license": "BSD-3-Clause"
    },
    "node_modules/grapesjs-preset-webpage": {
      "version": "1.0.3",
      "resolved": "https://registry.npmjs.org/grapesjs-preset-webpage/-/grapesjs-preset-webpage-1.0.3.tgz",
      "integrity": "sha512-C0VOKLAdhv0j1f81c6F2uk3JpJvxgXl5DeHUtDa5qGf/HZzaCmQxsvd8Re3Oh5Cah4uUCqoi9uB5FYx3hLND2w==",
      "license": "BSD-3-Clause"
    },
    "node_modules/grapesjs-tooltip": {
      "version": "0.1.8",
      "resolved": "https://registry.npmjs.org/grapesjs-tooltip/-/grapesjs-tooltip-0.1.8.tgz",
      "integrity": "sha512-8q8ck/Ri167fPCAtyXslyRQ88wWk3w6pXKEcd1va5hIy/YNierZQ7AbKkdmXwbd2mR65lJWRv8tjhFsEDE3ZoQ==",
      "license": "BSD-3-Clause"
    },
    "node_modules/grapesjs-touch": {
      "version": "0.1.1",
      "resolved": "https://registry.npmjs.org/grapesjs-touch/-/grapesjs-touch-0.1.1.tgz",
      "integrity": "sha512-rtuxdAhlfGW2XXYY3O04C2Q27X9dtB8P0jcA75rAP/TmwC0kaJKTKHihXAW0VVjx3M8IsC9RSxvhA1Q44QcjmA==",
      "license": "BSD-3-Clause"
    },
    "node_modules/html-entities": {
      "version": "1.4.0",
      "resolved": "https://registry.npmjs.org/html-entities/-/html-entities-1.4.0.tgz",
      "integrity": "sha512-8nxjcBcd8wovbeKx7h3wTji4e6+rhaVuPNpMqwWgnHh+N9ToqsCs6XztWRBPQ+UtzsoMAdKZtUENoVzU/EMtZA==",
      "license": "MIT"
    },
    "node_modules/jquery": {
      "version": "3.7.1",
      "resolved": "https://registry.npmjs.org/jquery/-/jquery-3.7.1.tgz",
      "integrity": "sha512-m4avr8yL8kmFN8psrbFFFmB/If14iN5o9nw/NgnnM+kybDJpRsAynV2BsfpTYrTRysYUdADVD7CkUUizgkpLfg==",
      "license": "MIT"
    },
    "node_modules/jquery-confirm": {
      "version": "3.3.4",
      "resolved": "https://registry.npmjs.org/jquery-confirm/-/jquery-confirm-3.3.4.tgz",
      "integrity": "sha512-SF3mX2kWAK9FP/Hut1uLHI30LPZ9DAki3Jq6JId9vg6AlMVugjlh40APtuxPQ/0C44XTkQFSVyRrg57NMbaicA==",
      "license": "MIT",
      "dependencies": {
        "jquery": ">=1.6"
      }
    },
    "node_modules/ms": {
      "version": "2.1.3",
      "resolved": "https://registry.npmjs.org/ms/-/ms-2.1.3.tgz",
      "integrity": "sha512-6FlzubTLZG3J2a/NVCAleEhjzq5oxgHyaCU9yYXvcLsvoVaHJq/s5xXI6/XXP6tz7R9xAOtHnSO/tXtF3WRTlA==",
      "license": "MIT"
    },
    "node_modules/promise-polyfill": {
      "version": "8.3.0",
      "resolved": "https://registry.npmjs.org/promise-polyfill/-/promise-polyfill-8.3.0.tgz",
      "integrity": "sha512-H5oELycFml5yto/atYqmjyigJoAo3+OXwolYiH7OfQuYlAqhxNvTfiNMbV9hsC6Yp83yE5r2KTVmtrG6R9i6Pg==",
      "license": "MIT"
    },
    "node_modules/qrcode-generator": {
      "version": "1.4.4",
      "resolved": "https://registry.npmjs.org/qrcode-generator/-/qrcode-generator-1.4.4.tgz",
      "integrity": "sha512-HM7yY8O2ilqhmULxGMpcHSF1EhJJ9yBj8gvDEuZ6M+KGJ0YY2hKpnXvRD+hZPLrDVck3ExIGhmPtSdcjC+guuw==",
      "license": "MIT"
    },
    "node_modules/socket.io-client": {
      "version": "4.8.3",
      "resolved": "https://registry.npmjs.org/socket.io-client/-/socket.io-client-4.8.3.tgz",
      "integrity": "sha512-uP0bpjWrjQmUt5DTHq9RuoCBdFJF10cdX9X+a368j/Ft0wmaVgxlrjvK3kjvgCODOMMOz9lcaRzxmso0bTWZ/g==",
      "license": "MIT",
      "dependencies": {
        "@socket.io/component-emitter": "~3.1.0",
        "debug": "~4.4.1",
        "engine.io-client": "~6.6.1",
        "socket.io-parser": "~4.2.4"
      },
      "engines": {
        "node": ">=10.0.0"
      }
    },
    "node_modules/socket.io-parser": {
      "version": "4.2.7",
      "resolved": "https://registry.npmjs.org/socket.io-parser/-/socket.io-parser-4.2.7.tgz",
      "integrity": "sha512-IH/iSeO9T6gz1KkFleGDWkG9N3dl4jXVYUtMhIqH10Md0ttMer8nUNWiP1DKuNrybD2xBrixLJdCC9J6ECoYkg==",
      "license": "MIT",
      "dependencies": {
        "@socket.io/component-emitter": "~3.1.0",
        "debug": "~4.4.1"
      },
      "engines": {
        "node": ">=10.0.0"
      }
    },
    "node_modules/underscore": {
      "version": "1.13.8",
      "resolved": "https://registry.npmjs.org/underscore/-/underscore-1.13.8.tgz",
      "integrity": "sha512-DXtD3ZtEQzc7M8m4cXotyHR+FAS18C64asBYY5vqZexfYryNNnDc02W4hKg3rdQuqOYas1jkseX0+nZXjTXnvQ==",
      "license": "MIT"
    },
    "node_modules/ws": {
      "version": "8.21.3",
      "resolved": "https://registry.npmjs.org/ws/-/ws-8.21.3.tgz",
      "integrity": "sha512-201TZ/kPWxoPr/OKWjquZR1SWKXcvxdH+e1xrx89b3YbmzLMFCLfnaG1HFIgWzJOEWZ7MvpK++odZufgYR50Rw==",
      "license": "MIT",
      "engines": {
        "node": ">=10.0.0"
      },
      "peerDependencies": {
        "bufferutil": "^4.0.1",
        "utf-8-validate": ">=5.0.2"
      },
      "peerDependenciesMeta": {
        "bufferutil": {
          "optional": true
        },
        "utf-8-validate": {
          "optional": true
        }
      }
    },
    "node_modules/xmlhttprequest-ssl": {
      "version": "2.1.2",
      "resolved": "https://registry.npmjs.org/xmlhttprequest-ssl/-/xmlhttprequest-ssl-2.1.2.tgz",
      "integrity": "sha512-TEU+nJVUUnA4CYJFLvK5X9AOeH4KvDvhIfm0vV1GaQRtchnG0hgK5p8hw/xjv8cunWYCsiPCSDzObPyhEwq3KQ==",
      "engines": {
        "node": ">=0.4.0"
      }
    }
  }
}
