{
  "name": "oscar-client",
  "version": "1.0.0",
  "lockfileVersion": 1,
  "requires": true,
  "dependencies": {
    "@babel/runtime": {
      "version": "7.9.2",
      "resolved": "https://registry.npmjs.org/@babel/runtime/-/runtime-7.9.2.tgz",
      "integrity": "sha512-NE2DtOdufG7R5vnfQUTehdTfNycfUANEtCa9PssN9O/xmTzP4E08UI797ixaei6hBEVL9BI/PsdJS5x7mWoB9Q==",
      "requires": {
        "regenerator-runtime": "^0.13.4"
      }
    },
    "accepts": {
      "version": "1.3.7",
      "resolved": "https://registry.npmjs.org/accepts/-/accepts-1.3.7.tgz",
      "integrity": "sha512-Il80Qs2WjYlJIBNzNkK6KYqlVMTbZLXgHx2oT0pU/fjRHyEp+PEfEPY0R3WCwAGVOtauxh1hOxNgIf5bv7dQpA==",
      "requires": {
        "mime-types": "~2.1.24",
        "negotiator": "0.6.2"
      }
    },
    "after": {
      "version": "0.8.2",
      "resolved": "https://registry.npmjs.org/after/-/after-0.8.2.tgz",
      "integrity": "sha1-/ts5T58OAqqXaOcCvaI7UF+ufh8="
    },
    "ansi-styles": {
      "version": "3.2.1",
      "resolved": "https://registry.npmjs.org/ansi-styles/-/ansi-styles-3.2.1.tgz",
      "integrity": "sha512-VT0ZI6kZRdTh8YyJw3SMbYm/u+NqfsAxEpWO0Pf9sq8/e94WxxOpPKx9FR1FlyCtOVDNOQ+8ntlqFxiRc+r5qA==",
      "requires": {
        "color-convert": "^1.9.0"
      }
    },
    "arraybuffer.slice": {
      "version": "0.0.7",
      "resolved": "https://registry.npmjs.org/arraybuffer.slice/-/arraybuffer.slice-0.0.7.tgz",
      "integrity": "sha512-wGUIVQXuehL5TCqQun8OW81jGzAWycqzFF8lFp+GOM5BXLYj3bKNsYC4daB7n6XjCqxQA/qgTJ+8ANR3acjrog=="
    },
    "async-limiter": {
      "version": "1.0.1",
      "resolved": "https://registry.npmjs.org/async-limiter/-/async-limiter-1.0.1.tgz",
      "integrity": "sha512-csOlWGAcRFJaI6m+F2WKdnMKr4HhdhFVBk0H/QbJFMCr+uO2kwohwXQPxw/9OCxp05r5ghVBFSyioixx3gfkNQ=="
    },
    "backbone": {
      "version": "1.3.3",
      "resolved": "https://registry.npmjs.org/backbone/-/backbone-1.3.3.tgz",
      "integrity": "sha1-TMgOp8sWMaxHSInOQPL4vGg7KZk=",
      "requires": {
        "underscore": ">=1.8.3"
      }
    },
    "backbone-undo": {
      "version": "0.2.5",
      "resolved": "https://registry.npmjs.org/backbone-undo/-/backbone-undo-0.2.5.tgz",
      "integrity": "sha1-VbJSMPkDGcpiJGXomoAki4k8LOI=",
      "requires": {
        "backbone": "1.0.0 - 1.2.1",
        "underscore": "1.4.4 - 1.8.3"
      },
      "dependencies": {
        "backbone": {
          "version": "1.2.1",
          "resolved": "https://registry.npmjs.org/backbone/-/backbone-1.2.1.tgz",
          "integrity": "sha1-1yGcXtSeXhMdv/ryXJbW0sw8oD4=",
          "requires": {
            "underscore": ">=1.7.0"
          }
        },
        "underscore": {
          "version": "1.8.3",
          "resolved": "https://registry.npmjs.org/underscore/-/underscore-1.8.3.tgz",
          "integrity": "sha1-Tz+1OxBuYJf8+ctBCfKl6b36UCI="
        }
      }
    },
    "backo2": {
      "version": "1.0.2",
      "resolved": "https://registry.npmjs.org/backo2/-/backo2-1.0.2.tgz",
      "integrity": "sha1-MasayLEpNjRj41s+u2n038+6eUc="
    },
    "base64-arraybuffer": {
      "version": "0.1.5",
      "resolved": "https://registry.npmjs.org/base64-arraybuffer/-/base64-arraybuffer-0.1.5.tgz",
      "integrity": "sha1-c5JncZI7Whl0etZmqlzUv5xunOg="
    },
    "base64id": {
      "version": "2.0.0",
      "resolved": "https://registry.npmjs.org/base64id/-/base64id-2.0.0.tgz",
      "integrity": "sha512-lGe34o6EHj9y3Kts9R4ZYs/Gr+6N7MCaMlIFA3F1R2O5/m7K06AxfSeO5530PEERE6/WyEg3lsuyw4GHlPZHog=="
    },
    "better-assert": {
      "version": "1.0.2",
      "resolved": "https://registry.npmjs.org/better-assert/-/better-assert-1.0.2.tgz",
      "integrity": "sha1-QIZrnhueC1W0gYlDEeaPr/rrxSI=",
      "requires": {
        "callsite": "1.0.0"
      }
    },
    "binternalip": {
      "version": "1.0.4",
      "resolved": "https://registry.npmjs.org/binternalip/-/binternalip-1.0.4.tgz",
      "integrity": "sha512-u9Yl5MwndBKtVie4Hz0ChfopJJo/rSlu6R5iF25nMaMm+NlGirUrmStIt04w6pI/7wWqBJUyHqfSS9ppRMBPhQ=="
    },
    "bl": {
      "version": "2.2.0",
      "resolved": "https://registry.npmjs.org/bl/-/bl-2.2.0.tgz",
      "integrity": "sha512-wbgvOpqopSr7uq6fJrLH8EsvYMJf9gzfo2jCsL2eTy75qXPukA4pCgHamOQkZtY5vmfVtjB+P3LNlMHW5CEZXA==",
      "requires": {
        "readable-stream": "^2.3.5",
        "safe-buffer": "^5.1.1"
      }
    },
    "blob": {
      "version": "0.0.5",
      "resolved": "https://registry.npmjs.org/blob/-/blob-0.0.5.tgz",
      "integrity": "sha512-gaqbzQPqOoamawKg0LGVd7SzLgXS+JH61oWprSLH+P+abTczqJbhTR8CmJ2u9/bUYNmHTGJx/UEmn6doAvvuig=="
    },
    "bluebird": {
      "version": "3.5.1",
      "resolved": "https://registry.npmjs.org/bluebird/-/bluebird-3.5.1.tgz",
      "integrity": "sha512-MKiLiV+I1AA596t9w1sQJ8jkiSr5+ZKi0WKrYGUn6d1Fx+Ij4tIj+m2WMQSGczs5jZVxV339chE8iwk6F64wjA=="
    },
    "bootstrap": {
      "version": "4.3.1",
      "resolved": "https://registry.npmjs.org/bootstrap/-/bootstrap-4.3.1.tgz",
      "integrity": "sha512-rXqOmH1VilAt2DyPzluTi2blhk17bO7ef+zLLPlWvG494pDxcM234pJ8wTc/6R40UWizAIIMgxjvxZg5kmsbag=="
    },
    "bootstrap-table": {
      "version": "1.16.0",
      "resolved": "https://registry.npmjs.org/bootstrap-table/-/bootstrap-table-1.16.0.tgz",
      "integrity": "sha512-bLbVetbyiXYmhU1LSsaiOHH4uvmlyBa/fNUo3y0owCfQSyQms/sfXOBvbcJWlDmjGtTY7kPW5z7KQvQJDPzN5w=="
    },
    "bson": {
      "version": "1.1.4",
      "resolved": "https://registry.npmjs.org/bson/-/bson-1.1.4.tgz",
      "integrity": "sha512-S/yKGU1syOMzO86+dGpg2qGoDL0zvzcb262G+gqEy6TgP6rt6z6qxSFX/8X6vLC91P7G7C3nLs0+bvDzmvBA3Q=="
    },
    "callsite": {
      "version": "1.0.0",
      "resolved": "https://registry.npmjs.org/callsite/-/callsite-1.0.0.tgz",
      "integrity": "sha1-KAOY5dZkvXQDi28JBRU+borxvCA="
    },
    "cash-dom": {
      "version": "2.3.9",
      "resolved": "https://registry.npmjs.org/cash-dom/-/cash-dom-2.3.9.tgz",
      "integrity": "sha512-2a4/LSFQPMbLhBYiJ5Z5rEz5Pic8jMVUqkqZ42w01gkopVUnxnaJcvZifcx6QFykJyWDsUWfISt4xRSyjAaK9w=="
    },
    "chalk": {
      "version": "2.4.2",
      "resolved": "https://registry.npmjs.org/chalk/-/chalk-2.4.2.tgz",
      "integrity": "sha512-Mti+f9lpJNcwF4tWV8/OrTTtF1gZi+f8FqlyAdouralcFWFQWF2+NgCHShjkCb+IFBLq9buZwE1xckQU4peSuQ==",
      "requires": {
        "ansi-styles": "^3.2.1",
        "escape-string-regexp": "^1.0.5",
        "supports-color": "^5.3.0"
      },
      "dependencies": {
        "supports-color": {
          "version": "5.5.0",
          "resolved": "https://registry.npmjs.org/supports-color/-/supports-color-5.5.0.tgz",
          "integrity": "sha512-QjVjwdXIt408MIiAqCX4oUKsgU2EqAGzs2Ppkm4aQYbjm+ZEWEcW4SfFNTr4uMNZma0ey4f5lgLrkB0aX0QMow==",
          "requires": {
            "has-flag": "^3.0.0"
          }
        }
      }
    },
    "codemirror": {
      "version": "5.52.2",
      "resolved": "https://registry.npmjs.org/codemirror/-/codemirror-5.52.2.tgz",
      "integrity": "sha512-WCGCixNUck2HGvY8/ZNI1jYfxPG5cRHv0VjmWuNzbtCLz8qYA5d+je4QhSSCtCaagyeOwMi/HmmPTjBgiTm2lQ=="
    },
    "codemirror-formatting": {
      "version": "1.0.0",
      "resolved": "https://registry.npmjs.org/codemirror-formatting/-/codemirror-formatting-1.0.0.tgz",
      "integrity": "sha1-h5zB/dkBg0PB1VEXac5TYNcF6/I="
    },
    "color-convert": {
      "version": "1.9.3",
      "resolved": "https://registry.npmjs.org/color-convert/-/color-convert-1.9.3.tgz",
      "integrity": "sha512-QfAUtd+vFdAtFQcC8CCyYt1fYWxSqAiK2cSD6zDB8N3cpsEBAvRxp9zOGg6G/SHHJYAT88/az/IuDGALsNVbGg==",
      "requires": {
        "color-name": "1.1.3"
      }
    },
    "color-name": {
      "version": "1.1.3",
      "resolved": "https://registry.npmjs.org/color-name/-/color-name-1.1.3.tgz",
      "integrity": "sha1-p9BVi9icQveV3UIyj3QIMcpTvCU="
    },
    "component-bind": {
      "version": "1.0.0",
      "resolved": "https://registry.npmjs.org/component-bind/-/component-bind-1.0.0.tgz",
      "integrity": "sha1-AMYIq33Nk4l8AAllGx06jh5zu9E="
    },
    "component-emitter": {
      "version": "1.2.1",
      "resolved": "https://registry.npmjs.org/component-emitter/-/component-emitter-1.2.1.tgz",
      "integrity": "sha1-E3kY1teCg/ffemt8WmPhQOaUJeY="
    },
    "component-inherit": {
      "version": "0.0.3",
      "resolved": "https://registry.npmjs.org/component-inherit/-/component-inherit-0.0.3.tgz",
      "integrity": "sha1-ZF/ErfWLcrZJ1crmUTVhnbJv8UM="
    },
    "cookie": {
      "version": "0.3.1",
      "resolved": "https://registry.npmjs.org/cookie/-/cookie-0.3.1.tgz",
      "integrity": "sha1-5+Ch+e9DtMi6klxcWpboBtFoc7s="
    },
    "core-util-is": {
      "version": "1.0.2",
      "resolved": "https://registry.npmjs.org/core-util-is/-/core-util-is-1.0.2.tgz",
      "integrity": "sha1-tf1UIgqivFq1eqtxQMlAdUUDwac="
    },
    "datatables.net": {
      "version": "1.10.20",
      "resolved": "https://registry.npmjs.org/datatables.net/-/datatables.net-1.10.20.tgz",
      "integrity": "sha512-4E4S7tTU607N3h0fZPkGmAtr9mwy462u+VJ6gxYZ8MxcRIjZqHy3Dv1GNry7i3zQCktTdWbULVKBbkAJkuHEnQ==",
      "requires": {
        "jquery": ">=1.7"
      }
    },
    "datatables.net-bs": {
      "version": "1.10.20",
      "resolved": "https://registry.npmjs.org/datatables.net-bs/-/datatables.net-bs-1.10.20.tgz",
      "integrity": "sha512-NsMoOOYZ6NlteOpzhltw21lXsNdhjIMbIOxnqmcrb62ntl8eL9pYzk2AeiDXBlIKY4e550ZrExCq3CYKQ9myEg==",
      "requires": {
        "datatables.net": "1.10.20",
        "jquery": ">=1.7"
      }
    },
    "debug": {
      "version": "4.1.1",
      "resolved": "https://registry.npmjs.org/debug/-/debug-4.1.1.tgz",
      "integrity": "sha512-pYAIzeRo8J6KPEaJ0VWOh5Pzkbw/RetuzehGM7QRRX5he4fPHx2rdKMB256ehJCkX+XRQm16eZLqLNS8RSZXZw==",
      "requires": {
        "ms": "^2.1.1"
      }
    },
    "denque": {
      "version": "1.4.1",
      "resolved": "https://registry.npmjs.org/denque/-/denque-1.4.1.tgz",
      "integrity": "sha512-OfzPuSZKGcgr96rf1oODnfjqBFmr1DVoc/TrItj3Ohe0Ah1C5WX5Baquw/9U9KovnQ88EqmJbD66rKYUQYN1tQ=="
    },
    "engine.io": {
      "version": "3.4.0",
      "resolved": "https://registry.npmjs.org/engine.io/-/engine.io-3.4.0.tgz",
      "integrity": "sha512-XCyYVWzcHnK5cMz7G4VTu2W7zJS7SM1QkcelghyIk/FmobWBtXE7fwhBusEKvCSqc3bMh8fNFMlUkCKTFRxH2w==",
      "requires": {
        "accepts": "~1.3.4",
        "base64id": "2.0.0",
        "cookie": "0.3.1",
        "debug": "~4.1.0",
        "engine.io-parser": "~2.2.0",
        "ws": "^7.1.2"
      },
      "dependencies": {
        "ws": {
          "version": "7.2.0",
          "resolved": "https://registry.npmjs.org/ws/-/ws-7.2.0.tgz",
          "integrity": "sha512-+SqNqFbwTm/0DC18KYzIsMTnEWpLwJsiasW/O17la4iDRRIO9uaHbvKiAS3AHgTiuuWerK/brj4O6MYZkei9xg==",
          "requires": {
            "async-limiter": "^1.0.0"
          }
        }
      }
    },
    "engine.io-client": {
      "version": "3.4.0",
      "resolved": "https://registry.npmjs.org/engine.io-client/-/engine.io-client-3.4.0.tgz",
      "integrity": "sha512-a4J5QO2k99CM2a0b12IznnyQndoEvtA4UAldhGzKqnHf42I3Qs2W5SPnDvatZRcMaNZs4IevVicBPayxYt6FwA==",
      "requires": {
        "component-emitter": "1.2.1",
        "component-inherit": "0.0.3",
        "debug": "~4.1.0",
        "engine.io-parser": "~2.2.0",
        "has-cors": "1.1.0",
        "indexof": "0.0.1",
        "parseqs": "0.0.5",
        "parseuri": "0.0.5",
        "ws": "~6.1.0",
        "xmlhttprequest-ssl": "~1.5.4",
        "yeast": "0.1.2"
      },
      "dependencies": {
        "ws": {
          "version": "6.1.4",
          "resolved": "https://registry.npmjs.org/ws/-/ws-6.1.4.tgz",
          "integrity": "sha512-eqZfL+NE/YQc1/ZynhojeV8q+H050oR8AZ2uIev7RU10svA9ZnJUddHcOUZTJLinZ9yEfdA2kSATS2qZK5fhJA==",
          "requires": {
            "async-limiter": "~1.0.0"
          }
        }
      }
    },
    "engine.io-parser": {
      "version": "2.2.0",
      "resolved": "https://registry.npmjs.org/engine.io-parser/-/engine.io-parser-2.2.0.tgz",
      "integrity": "sha512-6I3qD9iUxotsC5HEMuuGsKA0cXerGz+4uGcXQEkfBidgKf0amsjrrtwcbwK/nzpZBxclXlV7gGl9dgWvu4LF6w==",
      "requires": {
        "after": "0.8.2",
        "arraybuffer.slice": "~0.0.7",
        "base64-arraybuffer": "0.1.5",
        "blob": "0.0.5",
        "has-binary2": "~1.0.2"
      }
    },
    "escape-string-regexp": {
      "version": "1.0.5",
      "resolved": "https://registry.npmjs.org/escape-string-regexp/-/escape-string-regexp-1.0.5.tgz",
      "integrity": "sha1-G2HAViGQqN/2rjuyzwIAyhMLhtQ="
    },
    "file-saver": {
      "version": "1.3.8",
      "resolved": "https://registry.npmjs.org/file-saver/-/file-saver-1.3.8.tgz",
      "integrity": "sha512-spKHSBQIxxS81N/O21WmuXA2F6wppUCsutpzenOeZzOCCJ5gEfcbqJP983IrpLXzYmXnMUa6J03SubcNPdKrlg=="
    },
    "grapesjs": {
      "version": "0.16.3",
      "resolved": "https://registry.npmjs.org/grapesjs/-/grapesjs-0.16.3.tgz",
      "integrity": "sha512-02wjZJHix8jyQxHXhNV1g4vxGeHFAKqPGE0LZuKOV/RDNeIGmiWlfWGCw44ki7aw96rAm4oJkqg8RgP7rRavgQ==",
      "requires": {
        "@babel/runtime": "^7.7.1",
        "backbone": "1.3.3",
        "backbone-undo": "^0.2.5",
        "cash-dom": "^2.3.9",
        "codemirror": "^5.49.2",
        "codemirror-formatting": "^1.0.0",
        "keymaster": "^1.6.2",
        "promise-polyfill": "^8.1.3",
        "spectrum-colorpicker": "^1.8.0",
        "underscore": "^1.9.1"
      }
    },
    "grapesjs-aviary": {
      "version": "0.1.2",
      "resolved": "https://registry.npmjs.org/grapesjs-aviary/-/grapesjs-aviary-0.1.2.tgz",
      "integrity": "sha512-F7sYQWj5s9eyUqoOX6q1z2J06AqgXhQqdjQhM8b5BptxlbDsvDTCbqSRmLGkEQKaIF1ca5o9FFi9eKBeUAfLEw=="
    },
    "grapesjs-blocks-basic": {
      "version": "0.1.8",
      "resolved": "https://registry.npmjs.org/grapesjs-blocks-basic/-/grapesjs-blocks-basic-0.1.8.tgz",
      "integrity": "sha512-Iy5M4qGkEE2llb5ZFxitDolRJ3CrQkcK1SQIjRRlkWIAC99On3T/09iFR7NkpTBfsgfdNwcwnSVOMOhSnVLDtw=="
    },
    "grapesjs-component-countdown": {
      "version": "0.1.3",
      "resolved": "https://registry.npmjs.org/grapesjs-component-countdown/-/grapesjs-component-countdown-0.1.3.tgz",
      "integrity": "sha512-TmxDETedUDv1jGqNLn6E768iyp+xAK/XcTId5WpLrmKPFB6aCuWqfTowhtSvyRJJs83OAFMiQIwIu+tEtSWOeA=="
    },
    "grapesjs-custom-code": {
      "version": "0.1.2",
      "resolved": "https://registry.npmjs.org/grapesjs-custom-code/-/grapesjs-custom-code-0.1.2.tgz",
      "integrity": "sha512-DJle+OII0U/tzIrz9sAOwSI9XSH8w9CKkfiXV/1CQddZdt9e5VMnIZOOVhTl1cvRzIGk/AhWquLhUw8gmR9zvQ=="
    },
    "grapesjs-navbar": {
      "version": "0.1.5",
      "resolved": "https://registry.npmjs.org/grapesjs-navbar/-/grapesjs-navbar-0.1.5.tgz",
      "integrity": "sha512-tVKPtzlTUNCpzk3lHW69II2NsSzLNQd3K32CXssWCP3M1V8fvc9jG/MQECBkd/gMS+DjldD4/4b00ri9F3tKSg=="
    },
    "grapesjs-parser-postcss": {
      "version": "0.1.1",
      "resolved": "https://registry.npmjs.org/grapesjs-parser-postcss/-/grapesjs-parser-postcss-0.1.1.tgz",
      "integrity": "sha512-e4qMdElAQtYE+MtO+bYdwSisrThfyemxXVW+PhRACGDD6U8Hw6EgL0aSMHTVnChcYWKyc0rYmiCVn6+T741zDw==",
      "requires": {
        "postcss": "^7.0.2"
      }
    },
    "grapesjs-plugin-export": {
      "version": "0.1.5",
      "resolved": "https://registry.npmjs.org/grapesjs-plugin-export/-/grapesjs-plugin-export-0.1.5.tgz",
      "integrity": "sha512-BgvPY68vIDxVv0Z3v1TTikHseMxbfvUvhk5qUHq3a9kFmc2sFfNA6f5NHP9A4v3Tnd4kuwOd2aIn+QNutZrLRg==",
      "requires": {
        "file-saver": "^1.3.2",
        "jszip": "^3.0.0"
      }
    },
    "grapesjs-plugin-filestack": {
      "version": "0.1.1",
      "resolved": "https://registry.npmjs.org/grapesjs-plugin-filestack/-/grapesjs-plugin-filestack-0.1.1.tgz",
      "integrity": "sha512-zRwgHUZd7qDVk92dtizOHxnPiCjBBmsA2BHm0J86tz8uiXf6ou0OoQiB4x4UDewb9ipTkBI6X5nGh/0YET6WLw=="
    },
    "grapesjs-plugin-forms": {
      "version": "0.3.6",
      "resolved": "https://registry.npmjs.org/grapesjs-plugin-forms/-/grapesjs-plugin-forms-0.3.6.tgz",
      "integrity": "sha512-JGIxky3if7FLlXBDuX2T2UoWQnvm55PcNp5P2qoX64zlA0+2npz9zbPcj9g1PUHXVPlTXwTr2qu5x3U/pb+xdw=="
    },
    "grapesjs-preset-webpage": {
      "version": "0.1.11",
      "resolved": "https://registry.npmjs.org/grapesjs-preset-webpage/-/grapesjs-preset-webpage-0.1.11.tgz",
      "integrity": "sha512-36SuSPwu3a09R6YR31Sklmowz/LvzxzGM74WcPd8KPwbs1mAQ4fFuqWKkX/wv8+GhY58Se9EO42yQVMwsZzELA==",
      "requires": {
        "grapesjs-aviary": "^0.1.2",
        "grapesjs-blocks-basic": "^0.1.7",
        "grapesjs-component-countdown": "^0.1.2",
        "grapesjs-navbar": "^0.1.5",
        "grapesjs-plugin-export": "^0.1.5",
        "grapesjs-plugin-filestack": "^0.1.1",
        "grapesjs-plugin-forms": "^0.3.5"
      }
    },
    "grapesjs-tooltip": {
      "version": "0.1.5",
      "resolved": "https://registry.npmjs.org/grapesjs-tooltip/-/grapesjs-tooltip-0.1.5.tgz",
      "integrity": "sha512-0B9B2KNlo5HxhbbbnKV8hhoGMTy2N+Hwlw5f6lB8oOO4S//aCnGQiTcOPqAw0TTU39Lam6bMXqIfU0rBuJ7xuQ=="
    },
    "grapesjs-touch": {
      "version": "0.1.1",
      "resolved": "https://registry.npmjs.org/grapesjs-touch/-/grapesjs-touch-0.1.1.tgz",
      "integrity": "sha512-rtuxdAhlfGW2XXYY3O04C2Q27X9dtB8P0jcA75rAP/TmwC0kaJKTKHihXAW0VVjx3M8IsC9RSxvhA1Q44QcjmA=="
    },
    "has-binary2": {
      "version": "1.0.3",
      "resolved": "https://registry.npmjs.org/has-binary2/-/has-binary2-1.0.3.tgz",
      "integrity": "sha512-G1LWKhDSvhGeAQ8mPVQlqNcOB2sJdwATtZKl2pDKKHfpf/rYj24lkinxf69blJbnsvtqqNU+L3SL50vzZhXOnw==",
      "requires": {
        "isarray": "2.0.1"
      },
      "dependencies": {
        "isarray": {
          "version": "2.0.1",
          "resolved": "https://registry.npmjs.org/isarray/-/isarray-2.0.1.tgz",
          "integrity": "sha1-o32U7ZzaLVmGXJ92/llu4fM4dB4="
        }
      }
    },
    "has-cors": {
      "version": "1.1.0",
      "resolved": "https://registry.npmjs.org/has-cors/-/has-cors-1.1.0.tgz",
      "integrity": "sha1-XkdHk/fqmEPRu5nCPu9J/xJv/zk="
    },
    "has-flag": {
      "version": "3.0.0",
      "resolved": "https://registry.npmjs.org/has-flag/-/has-flag-3.0.0.tgz",
      "integrity": "sha1-tdRU3CGZriJWmfNGfloH87lVuv0="
    },
    "immediate": {
      "version": "3.0.6",
      "resolved": "https://registry.npmjs.org/immediate/-/immediate-3.0.6.tgz",
      "integrity": "sha1-nbHb0Pr43m++D13V5Wu2BigN5ps="
    },
    "indexof": {
      "version": "0.0.1",
      "resolved": "https://registry.npmjs.org/indexof/-/indexof-0.0.1.tgz",
      "integrity": "sha1-gtwzbSMrkGIXnQWrMpOmYFn9Q10="
    },
    "inherits": {
      "version": "2.0.4",
      "resolved": "https://registry.npmjs.org/inherits/-/inherits-2.0.4.tgz",
      "integrity": "sha512-k/vGaX4/Yla3WzyMCvTQOXYeIHvqOKtnqBduzTHpzpQZzAskKMhZ2K+EnBiSM9zGSoIFeMpXKxa4dYeZIQqewQ=="
    },
    "ip": {
      "version": "1.1.5",
      "resolved": "https://registry.npmjs.org/ip/-/ip-1.1.5.tgz",
      "integrity": "sha1-vd7XARQpCCjAoDnnLvJfWq7ENUo="
    },
    "isarray": {
      "version": "1.0.0",
      "resolved": "https://registry.npmjs.org/isarray/-/isarray-1.0.0.tgz",
      "integrity": "sha1-u5NdSFgsuhaMBoNJV6VKPgcSTxE="
    },
    "jquery": {
      "version": "3.5.0",
      "resolved": "https://registry.npmjs.org/jquery/-/jquery-3.5.0.tgz",
      "integrity": "sha512-Xb7SVYMvygPxbFMpTFQiHh1J7HClEaThguL15N/Gg37Lri/qKyhRGZYzHRyLH8Stq3Aow0LsHO2O2ci86fCrNQ=="
    },
    "jquery-confirm": {
      "version": "3.3.4",
      "resolved": "https://registry.npmjs.org/jquery-confirm/-/jquery-confirm-3.3.4.tgz",
      "integrity": "sha512-SF3mX2kWAK9FP/Hut1uLHI30LPZ9DAki3Jq6JId9vg6AlMVugjlh40APtuxPQ/0C44XTkQFSVyRrg57NMbaicA==",
      "requires": {
        "jquery": ">=1.6"
      }
    },
    "jszip": {
      "version": "3.2.2",
      "resolved": "https://registry.npmjs.org/jszip/-/jszip-3.2.2.tgz",
      "integrity": "sha512-NmKajvAFQpbg3taXQXr/ccS2wcucR1AZ+NtyWp2Nq7HHVsXhcJFR8p0Baf32C2yVvBylFWVeKf+WI2AnvlPhpA==",
      "requires": {
        "lie": "~3.3.0",
        "pako": "~1.0.2",
        "readable-stream": "~2.3.6",
        "set-immediate-shim": "~1.0.1"
      }
    },
    "kareem": {
      "version": "2.3.1",
      "resolved": "https://registry.npmjs.org/kareem/-/kareem-2.3.1.tgz",
      "integrity": "sha512-l3hLhffs9zqoDe8zjmb/mAN4B8VT3L56EUvKNqLFVs9YlFA+zx7ke1DO8STAdDyYNkeSo1nKmjuvQeI12So8Xw=="
    },
    "keymaster": {
      "version": "1.6.2",
      "resolved": "https://registry.npmjs.org/keymaster/-/keymaster-1.6.2.tgz",
      "integrity": "sha1-4a5U0OqUiPn2C2a2aPAumhlGxus="
    },
    "lie": {
      "version": "3.3.0",
      "resolved": "https://registry.npmjs.org/lie/-/lie-3.3.0.tgz",
      "integrity": "sha512-UaiMJzeWRlEujzAuw5LokY1L5ecNQYZKfmyZ9L7wDHb/p5etKaxXhohBcrw0EYby+G/NA52vRSN4N39dxHAIwQ==",
      "requires": {
        "immediate": "~3.0.5"
      }
    },
    "memory-pager": {
      "version": "1.5.0",
      "resolved": "https://registry.npmjs.org/memory-pager/-/memory-pager-1.5.0.tgz",
      "integrity": "sha512-ZS4Bp4r/Zoeq6+NLJpP+0Zzm0pR8whtGPf1XExKLJBAczGMnSi3It14OiNCStjQjM6NU1okjQGSxgEZN8eBYKg==",
      "optional": true
    },
    "mime-db": {
      "version": "1.42.0",
      "resolved": "https://registry.npmjs.org/mime-db/-/mime-db-1.42.0.tgz",
      "integrity": "sha512-UbfJCR4UAVRNgMpfImz05smAXK7+c+ZntjaA26ANtkXLlOe947Aag5zdIcKQULAiF9Cq4WxBi9jUs5zkA84bYQ=="
    },
    "mime-types": {
      "version": "2.1.25",
      "resolved": "https://registry.npmjs.org/mime-types/-/mime-types-2.1.25.tgz",
      "integrity": "sha512-5KhStqB5xpTAeGqKBAMgwaYMnQik7teQN4IAzC7npDv6kzeU6prfkR67bc87J1kWMPGkoaZSq1npmexMgkmEVg==",
      "requires": {
        "mime-db": "1.42.0"
      }
    },
    "mongodb": {
      "version": "3.5.9",
      "resolved": "https://registry.npmjs.org/mongodb/-/mongodb-3.5.9.tgz",
      "integrity": "sha512-vXHBY1CsGYcEPoVWhwgxIBeWqP3dSu9RuRDsoLRPTITrcrgm1f0Ubu1xqF9ozMwv53agmEiZm0YGo+7WL3Nbug==",
      "requires": {
        "bl": "^2.2.0",
        "bson": "^1.1.4",
        "denque": "^1.4.1",
        "require_optional": "^1.0.1",
        "safe-buffer": "^5.1.2",
        "saslprep": "^1.0.0"
      }
    },
    "mongoose": {
      "version": "5.9.19",
      "resolved": "https://registry.npmjs.org/mongoose/-/mongoose-5.9.19.tgz",
      "integrity": "sha512-wJ5FR2ykvyd17MRHA6sku/N1CMaC/kf4CnN357htD48RpzJhW60YDkxPSPLbkLg8Woa+i7jYi0glhzC0EcBcRQ==",
      "requires": {
        "bson": "^1.1.4",
        "kareem": "2.3.1",
        "mongodb": "3.5.9",
        "mongoose-legacy-pluralize": "1.0.2",
        "mpath": "0.7.0",
        "mquery": "3.2.2",
        "ms": "2.1.2",
        "regexp-clone": "1.0.0",
        "safe-buffer": "5.1.2",
        "sift": "7.0.1",
        "sliced": "1.0.1"
      }
    },
    "mongoose-legacy-pluralize": {
      "version": "1.0.2",
      "resolved": "https://registry.npmjs.org/mongoose-legacy-pluralize/-/mongoose-legacy-pluralize-1.0.2.tgz",
      "integrity": "sha512-Yo/7qQU4/EyIS8YDFSeenIvXxZN+ld7YdV9LqFVQJzTLye8unujAWPZ4NWKfFA+RNjh+wvTWKY9Z3E5XM6ZZiQ=="
    },
    "mpath": {
      "version": "0.7.0",
      "resolved": "https://registry.npmjs.org/mpath/-/mpath-0.7.0.tgz",
      "integrity": "sha512-Aiq04hILxhz1L+f7sjGyn7IxYzWm1zLNNXcfhDtx04kZ2Gk7uvFdgZ8ts1cWa/6d0TQmag2yR8zSGZUmp0tFNg=="
    },
    "mquery": {
      "version": "3.2.2",
      "resolved": "https://registry.npmjs.org/mquery/-/mquery-3.2.2.tgz",
      "integrity": "sha512-XB52992COp0KP230I3qloVUbkLUxJIu328HBP2t2EsxSFtf4W1HPSOBWOXf1bqxK4Xbb66lfMJ+Bpfd9/yZE1Q==",
      "requires": {
        "bluebird": "3.5.1",
        "debug": "3.1.0",
        "regexp-clone": "^1.0.0",
        "safe-buffer": "5.1.2",
        "sliced": "1.0.1"
      },
      "dependencies": {
        "debug": {
          "version": "3.1.0",
          "resolved": "https://registry.npmjs.org/debug/-/debug-3.1.0.tgz",
          "integrity": "sha512-OX8XqP7/1a9cqkxYw2yXss15f26NKWBpDXQd0/uK/KPqdQhxbPa994hnzjcE2VqQpDslf55723cKPUOGSmMY3g==",
          "requires": {
            "ms": "2.0.0"
          }
        },
        "ms": {
          "version": "2.0.0",
          "resolved": "https://registry.npmjs.org/ms/-/ms-2.0.0.tgz",
          "integrity": "sha1-VgiurfwAvmwpAd9fmGF4jeDVl8g="
        }
      }
    },
    "ms": {
      "version": "2.1.2",
      "resolved": "https://registry.npmjs.org/ms/-/ms-2.1.2.tgz",
      "integrity": "sha512-sGkPx+VjMtmA6MX27oA4FBFELFCZZ4S4XqeGOXCv68tT+jb3vk/RyaKWP0PTKyWtmLSM0b+adUTEvbs1PEaH2w=="
    },
    "negotiator": {
      "version": "0.6.2",
      "resolved": "https://registry.npmjs.org/negotiator/-/negotiator-0.6.2.tgz",
      "integrity": "sha512-hZXc7K2e+PgeI1eDBe/10Ard4ekbfrrqG8Ep+8Jmf4JID2bNg7NvCPOZN+kfF574pFQI7mum2AUqDidoKqcTOw=="
    },
    "object-component": {
      "version": "0.0.3",
      "resolved": "https://registry.npmjs.org/object-component/-/object-component-0.0.3.tgz",
      "integrity": "sha1-8MaapQ78lbhmwYb0AKM3acsvEpE="
    },
    "pako": {
      "version": "1.0.10",
      "resolved": "https://registry.npmjs.org/pako/-/pako-1.0.10.tgz",
      "integrity": "sha512-0DTvPVU3ed8+HNXOu5Bs+o//Mbdj9VNQMUOe9oKCwh8l0GNwpTDMKCWbRjgtD291AWnkAgkqA/LOnQS8AmS1tw=="
    },
    "parseqs": {
      "version": "0.0.5",
      "resolved": "https://registry.npmjs.org/parseqs/-/parseqs-0.0.5.tgz",
      "integrity": "sha1-1SCKNzjkZ2bikbouoXNoSSGouJ0=",
      "requires": {
        "better-assert": "~1.0.0"
      }
    },
    "parseuri": {
      "version": "0.0.5",
      "resolved": "https://registry.npmjs.org/parseuri/-/parseuri-0.0.5.tgz",
      "integrity": "sha1-gCBKUNTbt3m/3G6+J3jZDkvOMgo=",
      "requires": {
        "better-assert": "~1.0.0"
      }
    },
    "popper.js": {
      "version": "1.16.0",
      "resolved": "https://registry.npmjs.org/popper.js/-/popper.js-1.16.0.tgz",
      "integrity": "sha512-+G+EkOPoE5S/zChTpmBSSDYmhXJ5PsW8eMhH8cP/CQHMFPBG/kC9Y5IIw6qNYgdJ+/COf0ddY2li28iHaZRSjw=="
    },
    "postcss": {
      "version": "7.0.21",
      "resolved": "https://registry.npmjs.org/postcss/-/postcss-7.0.21.tgz",
      "integrity": "sha512-uIFtJElxJo29QC753JzhidoAhvp/e/Exezkdhfmt8AymWT6/5B7W1WmponYWkHk2eg6sONyTch0A3nkMPun3SQ==",
      "requires": {
        "chalk": "^2.4.2",
        "source-map": "^0.6.1",
        "supports-color": "^6.1.0"
      }
    },
    "process-nextick-args": {
      "version": "2.0.1",
      "resolved": "https://registry.npmjs.org/process-nextick-args/-/process-nextick-args-2.0.1.tgz",
      "integrity": "sha512-3ouUOpQhtgrbOa17J7+uxOTpITYWaGP7/AhoR3+A+/1e9skrzelGi/dXzEYyvbxubEF6Wn2ypscTKiKJFFn1ag=="
    },
    "promise-polyfill": {
      "version": "8.1.3",
      "resolved": "https://registry.npmjs.org/promise-polyfill/-/promise-polyfill-8.1.3.tgz",
      "integrity": "sha512-MG5r82wBzh7pSKDRa9y+vllNHz3e3d4CNj1PQE4BQYxLme0gKYYBm9YENq+UkEikyZ0XbiGWxYlVw3Rl9O/U8g=="
    },
    "readable-stream": {
      "version": "2.3.6",
      "resolved": "https://registry.npmjs.org/readable-stream/-/readable-stream-2.3.6.tgz",
      "integrity": "sha512-tQtKA9WIAhBF3+VLAseyMqZeBjW0AHJoxOtYqSUZNJxauErmLbVm2FW1y+J/YA9dUrAC39ITejlZWhVIwawkKw==",
      "requires": {
        "core-util-is": "~1.0.0",
        "inherits": "~2.0.3",
        "isarray": "~1.0.0",
        "process-nextick-args": "~2.0.0",
        "safe-buffer": "~5.1.1",
        "string_decoder": "~1.1.1",
        "util-deprecate": "~1.0.1"
      }
    },
    "regenerator-runtime": {
      "version": "0.13.5",
      "resolved": "https://registry.npmjs.org/regenerator-runtime/-/regenerator-runtime-0.13.5.tgz",
      "integrity": "sha512-ZS5w8CpKFinUzOwW3c83oPeVXoNsrLsaCoLtJvAClH135j/R77RuymhiSErhm2lKcwSCIpmvIWSbDkIfAqKQlA=="
    },
    "regexp-clone": {
      "version": "1.0.0",
      "resolved": "https://registry.npmjs.org/regexp-clone/-/regexp-clone-1.0.0.tgz",
      "integrity": "sha512-TuAasHQNamyyJ2hb97IuBEif4qBHGjPHBS64sZwytpLEqtBQ1gPJTnOaQ6qmpET16cK14kkjbazl6+p0RRv0yw=="
    },
    "require_optional": {
      "version": "1.0.1",
      "resolved": "https://registry.npmjs.org/require_optional/-/require_optional-1.0.1.tgz",
      "integrity": "sha512-qhM/y57enGWHAe3v/NcwML6a3/vfESLe/sGM2dII+gEO0BpKRUkWZow/tyloNqJyN6kXSl3RyyM8Ll5D/sJP8g==",
      "requires": {
        "resolve-from": "^2.0.0",
        "semver": "^5.1.0"
      }
    },
    "resolve-from": {
      "version": "2.0.0",
      "resolved": "https://registry.npmjs.org/resolve-from/-/resolve-from-2.0.0.tgz",
      "integrity": "sha1-lICrIOlP+h2egKgEx+oUdhGWa1c="
    },
    "safe-buffer": {
      "version": "5.1.2",
      "resolved": "https://registry.npmjs.org/safe-buffer/-/safe-buffer-5.1.2.tgz",
      "integrity": "sha512-Gd2UZBJDkXlY7GbJxfsE8/nvKkUEU1G38c1siN6QP6a9PT9MmHB8GnpscSmMJSoF8LOIrt8ud/wPtojys4G6+g=="
    },
    "saslprep": {
      "version": "1.0.3",
      "resolved": "https://registry.npmjs.org/saslprep/-/saslprep-1.0.3.tgz",
      "integrity": "sha512-/MY/PEMbk2SuY5sScONwhUDsV2p77Znkb/q3nSVstq/yQzYJOH/Azh29p9oJLsl3LnQwSvZDKagDGBsBwSooag==",
      "optional": true,
      "requires": {
        "sparse-bitfield": "^3.0.3"
      }
    },
    "semver": {
      "version": "5.7.1",
      "resolved": "https://registry.npmjs.org/semver/-/semver-5.7.1.tgz",
      "integrity": "sha512-sauaDf/PZdVgrLTNYHRtpXa1iRiKcaebiKQ1BJdpQlWH2lCvexQdX55snPFyK7QzpudqbCI0qXFfOasHdyNDGQ=="
    },
    "set-immediate-shim": {
      "version": "1.0.1",
      "resolved": "https://registry.npmjs.org/set-immediate-shim/-/set-immediate-shim-1.0.1.tgz",
      "integrity": "sha1-SysbJ+uAip+NzEgaWOXlb1mfP2E="
    },
    "sift": {
      "version": "7.0.1",
      "resolved": "https://registry.npmjs.org/sift/-/sift-7.0.1.tgz",
      "integrity": "sha512-oqD7PMJ+uO6jV9EQCl0LrRw1OwsiPsiFQR5AR30heR+4Dl7jBBbDLnNvWiak20tzZlSE1H7RB30SX/1j/YYT7g=="
    },
    "sliced": {
      "version": "1.0.1",
      "resolved": "https://registry.npmjs.org/sliced/-/sliced-1.0.1.tgz",
      "integrity": "sha1-CzpmK10Ewxd7GSa+qCsD+Dei70E="
    },
    "socket.io": {
      "version": "2.3.0",
      "resolved": "https://registry.npmjs.org/socket.io/-/socket.io-2.3.0.tgz",
      "integrity": "sha512-2A892lrj0GcgR/9Qk81EaY2gYhCBxurV0PfmmESO6p27QPrUK1J3zdns+5QPqvUYK2q657nSj0guoIil9+7eFg==",
      "requires": {
        "debug": "~4.1.0",
        "engine.io": "~3.4.0",
        "has-binary2": "~1.0.2",
        "socket.io-adapter": "~1.1.0",
        "socket.io-client": "2.3.0",
        "socket.io-parser": "~3.4.0"
      }
    },
    "socket.io-adapter": {
      "version": "1.1.1",
      "resolved": "https://registry.npmjs.org/socket.io-adapter/-/socket.io-adapter-1.1.1.tgz",
      "integrity": "sha1-KoBeihTWNyEk3ZFZrUUC+MsH8Gs="
    },
    "socket.io-client": {
      "version": "2.3.0",
      "resolved": "https://registry.npmjs.org/socket.io-client/-/socket.io-client-2.3.0.tgz",
      "integrity": "sha512-cEQQf24gET3rfhxZ2jJ5xzAOo/xhZwK+mOqtGRg5IowZsMgwvHwnf/mCRapAAkadhM26y+iydgwsXGObBB5ZdA==",
      "requires": {
        "backo2": "1.0.2",
        "base64-arraybuffer": "0.1.5",
        "component-bind": "1.0.0",
        "component-emitter": "1.2.1",
        "debug": "~4.1.0",
        "engine.io-client": "~3.4.0",
        "has-binary2": "~1.0.2",
        "has-cors": "1.1.0",
        "indexof": "0.0.1",
        "object-component": "0.0.3",
        "parseqs": "0.0.5",
        "parseuri": "0.0.5",
        "socket.io-parser": "~3.3.0",
        "to-array": "0.1.4"
      },
      "dependencies": {
        "isarray": {
          "version": "2.0.1",
          "resolved": "https://registry.npmjs.org/isarray/-/isarray-2.0.1.tgz",
          "integrity": "sha1-o32U7ZzaLVmGXJ92/llu4fM4dB4="
        },
        "ms": {
          "version": "2.0.0",
          "resolved": "https://registry.npmjs.org/ms/-/ms-2.0.0.tgz",
          "integrity": "sha1-VgiurfwAvmwpAd9fmGF4jeDVl8g="
        },
        "socket.io-parser": {
          "version": "3.3.0",
          "resolved": "https://registry.npmjs.org/socket.io-parser/-/socket.io-parser-3.3.0.tgz",
          "integrity": "sha512-hczmV6bDgdaEbVqhAeVMM/jfUfzuEZHsQg6eOmLgJht6G3mPKMxYm75w2+qhAQZ+4X+1+ATZ+QFKeOZD5riHng==",
          "requires": {
            "component-emitter": "1.2.1",
            "debug": "~3.1.0",
            "isarray": "2.0.1"
          },
          "dependencies": {
            "debug": {
              "version": "3.1.0",
              "resolved": "https://registry.npmjs.org/debug/-/debug-3.1.0.tgz",
              "integrity": "sha512-OX8XqP7/1a9cqkxYw2yXss15f26NKWBpDXQd0/uK/KPqdQhxbPa994hnzjcE2VqQpDslf55723cKPUOGSmMY3g==",
              "requires": {
                "ms": "2.0.0"
              }
            }
          }
        }
      }
    },
    "socket.io-parser": {
      "version": "3.4.0",
      "resolved": "https://registry.npmjs.org/socket.io-parser/-/socket.io-parser-3.4.0.tgz",
      "integrity": "sha512-/G/VOI+3DBp0+DJKW4KesGnQkQPFmUCbA/oO2QGT6CWxU7hLGWqU3tyuzeSK/dqcyeHsQg1vTe9jiZI8GU9SCQ==",
      "requires": {
        "component-emitter": "1.2.1",
        "debug": "~4.1.0",
        "isarray": "2.0.1"
      },
      "dependencies": {
        "isarray": {
          "version": "2.0.1",
          "resolved": "https://registry.npmjs.org/isarray/-/isarray-2.0.1.tgz",
          "integrity": "sha1-o32U7ZzaLVmGXJ92/llu4fM4dB4="
        }
      }
    },
    "source-map": {
      "version": "0.6.1",
      "resolved": "https://registry.npmjs.org/source-map/-/source-map-0.6.1.tgz",
      "integrity": "sha512-UjgapumWlbMhkBgzT7Ykc5YXUT46F0iKu8SGXq0bcwP5dz/h0Plj6enJqjz1Zbq2l5WaqYnrVbwWOWMyF3F47g=="
    },
    "sparse-bitfield": {
      "version": "3.0.3",
      "resolved": "https://registry.npmjs.org/sparse-bitfield/-/sparse-bitfield-3.0.3.tgz",
      "integrity": "sha1-/0rm5oZWBWuks+eSqzM004JzyhE=",
      "optional": true,
      "requires": {
        "memory-pager": "^1.0.2"
      }
    },
    "spectrum-colorpicker": {
      "version": "1.8.0",
      "resolved": "https://registry.npmjs.org/spectrum-colorpicker/-/spectrum-colorpicker-1.8.0.tgz",
      "integrity": "sha1-uSbPUALAp3hgtfg1HhwJPGUgAQc="
    },
    "string_decoder": {
      "version": "1.1.1",
      "resolved": "https://registry.npmjs.org/string_decoder/-/string_decoder-1.1.1.tgz",
      "integrity": "sha512-n/ShnvDi6FHbbVfviro+WojiFzv+s8MPMHBczVePfUpDJLwoLT0ht1l4YwBCbi8pJAveEEdnkHyPyTP/mzRfwg==",
      "requires": {
        "safe-buffer": "~5.1.0"
      }
    },
    "supports-color": {
      "version": "6.1.0",
      "resolved": "https://registry.npmjs.org/supports-color/-/supports-color-6.1.0.tgz",
      "integrity": "sha512-qe1jfm1Mg7Nq/NSh6XE24gPXROEVsWHxC1LIx//XNlD9iw7YZQGjZNjYN7xGaEG6iKdA8EtNFW6R0gjnVXp+wQ==",
      "requires": {
        "has-flag": "^3.0.0"
      }
    },
    "to-array": {
      "version": "0.1.4",
      "resolved": "https://registry.npmjs.org/to-array/-/to-array-0.1.4.tgz",
      "integrity": "sha1-F+bBH3PdTz10zaek/zI46a2b+JA="
    },
    "underscore": {
      "version": "1.10.2",
      "resolved": "https://registry.npmjs.org/underscore/-/underscore-1.10.2.tgz",
      "integrity": "sha512-N4P+Q/BuyuEKFJ43B9gYuOj4TQUHXX+j2FqguVOpjkssLUUrnJofCcBccJSCoeturDoZU6GorDTHSvUDlSQbTg=="
    },
    "util-deprecate": {
      "version": "1.0.2",
      "resolved": "https://registry.npmjs.org/util-deprecate/-/util-deprecate-1.0.2.tgz",
      "integrity": "sha1-RQ1Nyfpw3nMnYvvS1KKJgUGaDM8="
    },
    "xmlhttprequest-ssl": {
      "version": "1.5.5",
      "resolved": "https://registry.npmjs.org/xmlhttprequest-ssl/-/xmlhttprequest-ssl-1.5.5.tgz",
      "integrity": "sha1-wodrBhaKrcQOV9l+gRkayPQ5iz4="
    },
    "yeast": {
      "version": "0.1.2",
      "resolved": "https://registry.npmjs.org/yeast/-/yeast-0.1.2.tgz",
      "integrity": "sha1-AI4G2AlDIMNy28L47XagymyKxBk="
    }
  }
}
